
Microsoft Visual Studio Solution File, Format Version 12.00
# Visual Studio Version 17
VisualStudioVersion = 17.11.35312.102
MinimumVisualStudioVersion = 10.0.40219.1
Project("{FAE04EC0-301F-11D3-BF4B-00C04F79EFBC}") = "RegistroEstudiantes.AppMovil", "RegistroEstudiantes.AppMovil\RegistroEstudiantes.AppMovil.csproj", "{C83F3686-DB2A-427C-90D1-73E0F6045FC2}"
EndProject
Project("{FAE04EC0-301F-11D3-BF4B-00C04F79EFBC}") = "RegistroEstudiantes.Modelos", "RegistroEstudiantes.Modelos\RegistroEstudiantes.Modelos.csproj", "{44DC13E9-82B4-4D66-8015-AC2403F21837}"
EndProject
Global
	GlobalSection(SolutionConfigurationPlatforms) = preSolution
		Debug|Any CPU = Debug|Any CPU
		Release|Any CPU = Release|Any CPU
	EndGlobalSection
	GlobalSection(ProjectConfigurationPlatforms) = postSolution
		{C83F3686-DB2A-427C-90D1-73E0F6045FC2}.Debug|Any CPU.ActiveCfg = Debug|Any CPU
		{C83F3686-DB2A-427C-90D1-73E0F6045FC2}.Debug|Any CPU.Build.0 = Debug|Any CPU
		{C83F3686-DB2A-427C-90D1-73E0F6045FC2}.Debug|Any CPU.Deploy.0 = Debug|Any CPU
		{C83F3686-DB2A-427C-90D1-73E0F6045FC2}.Release|Any CPU.ActiveCfg = Release|Any CPU
		{C83F3686-DB2A-427C-90D1-73E0F6045FC2}.Release|Any CPU.Build.0 = Release|Any CPU
		{C83F3686-DB2A-427C-90D1-73E0F6045FC2}.Release|Any CPU.Deploy.0 = Release|Any CPU
		{44DC13E9-82B4-4D66-8015-AC2403F21837}.Debug|Any CPU.ActiveCfg = Debug|Any CPU
		{44DC13E9-82B4-4D66-8015-AC2403F21837}.Debug|Any CPU.Build.0 = Debug|Any CPU
		{44DC13E9-82B4-4D66-8015-AC2403F21837}.Release|Any CPU.ActiveCfg = Release|Any CPU
		{44DC13E9-82B4-4D66-8015-AC2403F21837}.Release|Any CPU.Build.0 = Release|Any CPU
	EndGlobalSection
	GlobalSection(SolutionProperties) = preSolution
		HideSolutionNode = FALSE
	EndGlobalSection
	GlobalSection(ExtensibilityGlobals) = postSolution
		SolutionGuid = {3218FD21-064D-40AE-A1D7-812B6901742E}
	EndGlobalSection
EndGlobal
